// !$*UTF8*$!
{
	archiveVersion = 1;
	classes = {
	};
	objectVersion = 50;
	objects = {

/* Begin PBXBuildFile section */
		F70E391E2482E7B9000B9F29 /* ZenApplication.h in Headers */ = {isa = PBXBuildFile; fileRef = F70E391C2482E7B9000B9F29 /* ZenApplication.h */; settings = {ATTRIBUTES = (Public, ); }; };
		F70E39282482E9A8000B9F29 /* GroupedListViewModel.swift in Sources */ = {isa = PBXBuildFile; fileRef = F70E39272482E9A8000B9F29 /* GroupedListViewModel.swift */; };
		F70E392D2482EA96000B9F29 /* Collection+SafeSubscript.swift in Sources */ = {isa = PBXBuildFile; fileRef = F70E392C2482EA96000B9F29 /* Collection+SafeSubscript.swift */; };
		F70E39322482EB77000B9F29 /* GroupedListSectionProtocol.swift in Sources */ = {isa = PBXBuildFile; fileRef = F70E39312482EB77000B9F29 /* GroupedListSectionProtocol.swift */; };
		F70E394E2482EE2B000B9F29 /* GroupedListSectionProtocol.swift in Sources */ = {isa = PBXBuildFile; fileRef = F70E39312482EB77000B9F29 /* GroupedListSectionProtocol.swift */; };
		F70E394F2482EE2C000B9F29 /* GroupedListSectionProtocol.swift in Sources */ = {isa = PBXBuildFile; fileRef = F70E39312482EB77000B9F29 /* GroupedListSectionProtocol.swift */; };
		F70E39502482EE2E000B9F29 /* GroupedListViewModel.swift in Sources */ = {isa = PBXBuildFile; fileRef = F70E39272482E9A8000B9F29 /* GroupedListViewModel.swift */; };
		F70E39512482EE2E000B9F29 /* GroupedListViewModel.swift in Sources */ = {isa = PBXBuildFile; fileRef = F70E39272482E9A8000B9F29 /* GroupedListViewModel.swift */; };
		F70E39522482EE31000B9F29 /* Collection+SafeSubscript.swift in Sources */ = {isa = PBXBuildFile; fileRef = F70E392C2482EA96000B9F29 /* Collection+SafeSubscript.swift */; };
		F70E39532482EE31000B9F29 /* Collection+SafeSubscript.swift in Sources */ = {isa = PBXBuildFile; fileRef = F70E392C2482EA96000B9F29 /* Collection+SafeSubscript.swift */; };
		F70E39542482EE81000B9F29 /* ZenApplication.h in Headers */ = {isa = PBXBuildFile; fileRef = F70E391C2482E7B9000B9F29 /* ZenApplication.h */; settings = {ATTRIBUTES = (Public, ); }; };
		F70E39552482EE84000B9F29 /* ZenApplication.h in Headers */ = {isa = PBXBuildFile; fileRef = F70E391C2482E7B9000B9F29 /* ZenApplication.h */; settings = {ATTRIBUTES = (Public, ); }; };
		F70E3957248303CB000B9F29 /* ListViewModel.swift in Sources */ = {isa = PBXBuildFile; fileRef = F70E3956248303CB000B9F29 /* ListViewModel.swift */; };
		F70E3958248303CB000B9F29 /* ListViewModel.swift in Sources */ = {isa = PBXBuildFile; fileRef = F70E3956248303CB000B9F29 /* ListViewModel.swift */; };
		F70E3959248303CB000B9F29 /* ListViewModel.swift in Sources */ = {isa = PBXBuildFile; fileRef = F70E3956248303CB000B9F29 /* ListViewModel.swift */; };
/* End PBXBuildFile section */

/* Begin PBXFileReference section */
		F70E39192482E7B9000B9F29 /* ZenApplication_iOS.framework */ = {isa = PBXFileReference; explicitFileType = wrapper.framework; includeInIndex = 0; path = ZenApplication_iOS.framework; sourceTree = BUILT_PRODUCTS_DIR; };
		F70E391C2482E7B9000B9F29 /* ZenApplication.h */ = {isa = PBXFileReference; lastKnownFileType = sourcecode.c.h; path = ZenApplication.h; sourceTree = "<group>"; };
		F70E391D2482E7B9000B9F29 /* Info.plist */ = {isa = PBXFileReference; lastKnownFileType = text.plist.xml; path = Info.plist; sourceTree = "<group>"; };
		F70E39272482E9A8000B9F29 /* GroupedListViewModel.swift */ = {isa = PBXFileReference; lastKnownFileType = sourcecode.swift; path = GroupedListViewModel.swift; sourceTree = "<group>"; };
		F70E392C2482EA96000B9F29 /* Collection+SafeSubscript.swift */ = {isa = PBXFileReference; lastKnownFileType = sourcecode.swift; path = "Collection+SafeSubscript.swift"; sourceTree = "<group>"; };
		F70E39312482EB77000B9F29 /* GroupedListSectionProtocol.swift */ = {isa = PBXFileReference; lastKnownFileType = sourcecode.swift; path = GroupedListSectionProtocol.swift; sourceTree = "<group>"; };
		F70E39392482ED78000B9F29 /* ZenApplication_watchOS.framework */ = {isa = PBXFileReference; explicitFileType = wrapper.framework; includeInIndex = 0; path = ZenApplication_watchOS.framework; sourceTree = BUILT_PRODUCTS_DIR; };
		F70E39462482EDEF000B9F29 /* ZenApplication_tvOS.framework */ = {isa = PBXFileReference; explicitFileType = wrapper.framework; includeInIndex = 0; path = ZenApplication_tvOS.framework; sourceTree = BUILT_PRODUCTS_DIR; };
		F70E3956248303CB000B9F29 /* ListViewModel.swift */ = {isa = PBXFileReference; lastKnownFileType = sourcecode.swift; path = ListViewModel.swift; sourceTree = "<group>"; };
/* End PBXFileReference section */

/* Begin PBXFrameworksBuildPhase section */
		F70E39162482E7B9000B9F29 /* Frameworks */ = {
			isa = PBXFrameworksBuildPhase;
			buildActionMask = 2147483647;
			files = (
			);
			runOnlyForDeploymentPostprocessing = 0;
		};
		F70E39362482ED78000B9F29 /* Frameworks */ = {
			isa = PBXFrameworksBuildPhase;
			buildActionMask = 2147483647;
			files = (
			);
			runOnlyForDeploymentPostprocessing = 0;
		};
		F70E39432482EDEF000B9F29 /* Frameworks */ = {
			isa = PBXFrameworksBuildPhase;
			buildActionMask = 2147483647;
			files = (
			);
			runOnlyForDeploymentPostprocessing = 0;
		};
/* End PBXFrameworksBuildPhase section */

/* Begin PBXGroup section */
		F70E390F2482E7B9000B9F29 = {
			isa = PBXGroup;
			children = (
				F70E391B2482E7B9000B9F29 /* ZenApplication */,
				F70E391A2482E7B9000B9F29 /* Products */,
			);
			sourceTree = "<group>";
		};
		F70E391A2482E7B9000B9F29 /* Products */ = {
			isa = PBXGroup;
			children = (
				F70E39192482E7B9000B9F29 /* ZenApplication_iOS.framework */,
				F70E39392482ED78000B9F29 /* ZenApplication_watchOS.framework */,
				F70E39462482EDEF000B9F29 /* ZenApplication_tvOS.framework */,
			);
			name = Products;
			sourceTree = "<group>";
		};
		F70E391B2482E7B9000B9F29 /* ZenApplication */ = {
			isa = PBXGroup;
			children = (
				F70E39292482E9B5000B9F29 /* SourceCode */,
				F70E39242482E83B000B9F29 /* SupportingFiles */,
			);
			path = ZenApplication;
			sourceTree = "<group>";
		};
		F70E39242482E83B000B9F29 /* SupportingFiles */ = {
			isa = PBXGroup;
			children = (
				F70E391C2482E7B9000B9F29 /* ZenApplication.h */,
				F70E391D2482E7B9000B9F29 /* Info.plist */,
			);
			path = SupportingFiles;
			sourceTree = "<group>";
		};
		F70E39292482E9B5000B9F29 /* SourceCode */ = {
			isa = PBXGroup;
			children = (
				F70E392B2482E9BF000B9F29 /* ViewModels */,
				F70E392E2482EA9B000B9F29 /* Extensions */,
			);
			path = SourceCode;
			sourceTree = "<group>";
		};
		F70E392B2482E9BF000B9F29 /* ViewModels */ = {
			isa = PBXGroup;
			children = (
				F70E39332482EB87000B9F29 /* GroupedList */,
				F70E395A24830487000B9F29 /* List */,
			);
			path = ViewModels;
			sourceTree = "<group>";
		};
		F70E392E2482EA9B000B9F29 /* Extensions */ = {
			isa = PBXGroup;
			children = (
				F70E392F2482EB48000B9F29 /* Swift */,
			);
			path = Extensions;
			sourceTree = "<group>";
		};
		F70E392F2482EB48000B9F29 /* Swift */ = {
			isa = PBXGroup;
			children = (
				F70E39302482EB5A000B9F29 /* Collection */,
			);
			path = Swift;
			sourceTree = "<group>";
		};
		F70E39302482EB5A000B9F29 /* Collection */ = {
			isa = PBXGroup;
			children = (
				F70E392C2482EA96000B9F29 /* Collection+SafeSubscript.swift */,
			);
			path = Collection;
			sourceTree = "<group>";
		};
		F70E39332482EB87000B9F29 /* GroupedList */ = {
			isa = PBXGroup;
			children = (
				F70E39312482EB77000B9F29 /* GroupedListSectionProtocol.swift */,
				F70E39272482E9A8000B9F29 /* GroupedListViewModel.swift */,
			);
			path = GroupedList;
			sourceTree = "<group>";
		};
		F70E395A24830487000B9F29 /* List */ = {
			isa = PBXGroup;
			children = (
				F70E3956248303CB000B9F29 /* ListViewModel.swift */,
			);
			path = List;
			sourceTree = "<group>";
		};
/* End PBXGroup section */

/* Begin PBXHeadersBuildPhase section */
		F70E39142482E7B9000B9F29 /* Headers */ = {
			isa = PBXHeadersBuildPhase;
			buildActionMask = 2147483647;
			files = (
				F70E391E2482E7B9000B9F29 /* ZenApplication.h in Headers */,
			);
			runOnlyForDeploymentPostprocessing = 0;
		};
		F70E39342482ED78000B9F29 /* Headers */ = {
			isa = PBXHeadersBuildPhase;
			buildActionMask = 2147483647;
			files = (
				F70E39542482EE81000B9F29 /* ZenApplication.h in Headers */,
			);
			runOnlyForDeploymentPostprocessing = 0;
		};
		F70E39412482EDEF000B9F29 /* Headers */ = {
			isa = PBXHeadersBuildPhase;
			buildActionMask = 2147483647;
			files = (
				F70E39552482EE84000B9F29 /* ZenApplication.h in Headers */,
			);
			runOnlyForDeploymentPostprocessing = 0;
		};
/* End PBXHeadersBuildPhase section */

/* Begin PBXNativeTarget section */
		F70E39182482E7B9000B9F29 /* ZenApplication-iOS */ = {
			isa = PBXNativeTarget;
			buildConfigurationList = F70E39212482E7B9000B9F29 /* Build configuration list for PBXNativeTarget "ZenApplication-iOS" */;
			buildPhases = (
				F70E39142482E7B9000B9F29 /* Headers */,
				F70E39152482E7B9000B9F29 /* Sources */,
				F70E39162482E7B9000B9F29 /* Frameworks */,
				F70E39172482E7B9000B9F29 /* Resources */,
			);
			buildRules = (
			);
			dependencies = (
			);
			name = "ZenApplication-iOS";
			productName = ZenApplication;
			productReference = F70E39192482E7B9000B9F29 /* ZenApplication_iOS.framework */;
			productType = "com.apple.product-type.framework";
		};
		F70E39382482ED78000B9F29 /* ZenApplication-watchOS */ = {
			isa = PBXNativeTarget;
			buildConfigurationList = F70E393E2482ED78000B9F29 /* Build configuration list for PBXNativeTarget "ZenApplication-watchOS" */;
			buildPhases = (
				F70E39342482ED78000B9F29 /* Headers */,
				F70E39352482ED78000B9F29 /* Sources */,
				F70E39362482ED78000B9F29 /* Frameworks */,
				F70E39372482ED78000B9F29 /* Resources */,
			);
			buildRules = (
			);
			dependencies = (
			);
			name = "ZenApplication-watchOS";
			productName = "ZenApplication-watchOS";
			productReference = F70E39392482ED78000B9F29 /* ZenApplication_watchOS.framework */;
			productType = "com.apple.product-type.framework";
		};
		F70E39452482EDEF000B9F29 /* ZenApplication-tvOS */ = {
			isa = PBXNativeTarget;
			buildConfigurationList = F70E394B2482EDEF000B9F29 /* Build configuration list for PBXNativeTarget "ZenApplication-tvOS" */;
			buildPhases = (
				F70E39412482EDEF000B9F29 /* Headers */,
				F70E39422482EDEF000B9F29 /* Sources */,
				F70E39432482EDEF000B9F29 /* Frameworks */,
				F70E39442482EDEF000B9F29 /* Resources */,
			);
			buildRules = (
			);
			dependencies = (
			);
			name = "ZenApplication-tvOS";
			productName = "ZenApplication-tvOS";
			productReference = F70E39462482EDEF000B9F29 /* ZenApplication_tvOS.framework */;
			productType = "com.apple.product-type.framework";
		};
/* End PBXNativeTarget section */

/* Begin PBXProject section */
		F70E39102482E7B9000B9F29 /* Project object */ = {
			isa = PBXProject;
			attributes = {
				LastUpgradeCheck = 1150;
				ORGANIZATIONNAME = Nebula;
				TargetAttributes = {
					F70E39182482E7B9000B9F29 = {
						CreatedOnToolsVersion = 11.5;
						LastSwiftMigration = 1150;
					};
					F70E39382482ED78000B9F29 = {
						CreatedOnToolsVersion = 11.5;
					};
					F70E39452482EDEF000B9F29 = {
						CreatedOnToolsVersion = 11.5;
					};
				};
			};
			buildConfigurationList = F70E39132482E7B9000B9F29 /* Build configuration list for PBXProject "ZenApplication" */;
			compatibilityVersion = "Xcode 9.3";
			developmentRegion = en;
			hasScannedForEncodings = 0;
			knownRegions = (
				en,
				Base,
			);
			mainGroup = F70E390F2482E7B9000B9F29;
			productRefGroup = F70E391A2482E7B9000B9F29 /* Products */;
			projectDirPath = "";
			projectRoot = "";
			targets = (
				F70E39182482E7B9000B9F29 /* ZenApplication-iOS */,
				F70E39452482EDEF000B9F29 /* ZenApplication-tvOS */,
				F70E39382482ED78000B9F29 /* ZenApplication-watchOS */,
			);
		};
/* End PBXProject section */

/* Begin PBXResourcesBuildPhase section */
		F70E39172482E7B9000B9F29 /* Resources */ = {
			isa = PBXResourcesBuildPhase;
			buildActionMask = 2147483647;
			files = (
			);
			runOnlyForDeploymentPostprocessing = 0;
		};
		F70E39372482ED78000B9F29 /* Resources */ = {
			isa = PBXResourcesBuildPhase;
			buildActionMask = 2147483647;
			files = (
			);
			runOnlyForDeploymentPostprocessing = 0;
		};
		F70E39442482EDEF000B9F29 /* Resources */ = {
			isa = PBXResourcesBuildPhase;
			buildActionMask = 2147483647;
			files = (
			);
			runOnlyForDeploymentPostprocessing = 0;
		};
/* End PBXResourcesBuildPhase section */

/* Begin PBXSourcesBuildPhase section */
		F70E39152482E7B9000B9F29 /* Sources */ = {
			isa = PBXSourcesBuildPhase;
			buildActionMask = 2147483647;
			files = (
				F70E39322482EB77000B9F29 /* GroupedListSectionProtocol.swift in Sources */,
				F70E392D2482EA96000B9F29 /* Collection+SafeSubscript.swift in Sources */,
				F70E3957248303CB000B9F29 /* ListViewModel.swift in Sources */,
				F70E39282482E9A8000B9F29 /* GroupedListViewModel.swift in Sources */,
			);
			runOnlyForDeploymentPostprocessing = 0;
		};
		F70E39352482ED78000B9F29 /* Sources */ = {
			isa = PBXSourcesBuildPhase;
			buildActionMask = 2147483647;
			files = (
				F70E394E2482EE2B000B9F29 /* GroupedListSectionProtocol.swift in Sources */,
				F70E39522482EE31000B9F29 /* Collection+SafeSubscript.swift in Sources */,
				F70E3959248303CB000B9F29 /* ListViewModel.swift in Sources */,
				F70E39502482EE2E000B9F29 /* GroupedListViewModel.swift in Sources */,
			);
			runOnlyForDeploymentPostprocessing = 0;
		};
		F70E39422482EDEF000B9F29 /* Sources */ = {
			isa = PBXSourcesBuildPhase;
			buildActionMask = 2147483647;
			files = (
				F70E394F2482EE2C000B9F29 /* GroupedListSectionProtocol.swift in Sources */,
				F70E39532482EE31000B9F29 /* Collection+SafeSubscript.swift in Sources */,
				F70E3958248303CB000B9F29 /* ListViewModel.swift in Sources */,
				F70E39512482EE2E000B9F29 /* GroupedListViewModel.swift in Sources */,
			);
			runOnlyForDeploymentPostprocessing = 0;
		};
/* End PBXSourcesBuildPhase section */

/* Begin XCBuildConfiguration section */
		F70E391F2482E7B9000B9F29 /* Debug */ = {
			isa = XCBuildConfiguration;
			buildSettings = {
				ALWAYS_SEARCH_USER_PATHS = NO;
				CLANG_ANALYZER_NONNULL = YES;
				CLANG_ANALYZER_NUMBER_OBJECT_CONVERSION = YES_AGGRESSIVE;
				CLANG_CXX_LANGUAGE_STANDARD = "gnu++14";
				CLANG_CXX_LIBRARY = "libc++";
				CLANG_ENABLE_MODULES = YES;
				CLANG_ENABLE_OBJC_ARC = YES;
				CLANG_ENABLE_OBJC_WEAK = YES;
				CLANG_WARN_BLOCK_CAPTURE_AUTORELEASING = YES;
				CLANG_WARN_BOOL_CONVERSION = YES;
				CLANG_WARN_COMMA = YES;
				CLANG_WARN_CONSTANT_CONVERSION = YES;
				CLANG_WARN_DEPRECATED_OBJC_IMPLEMENTATIONS = YES;
				CLANG_WARN_DIRECT_OBJC_ISA_USAGE = YES_ERROR;
				CLANG_WARN_DOCUMENTATION_COMMENTS = YES;
				CLANG_WARN_EMPTY_BODY = YES;
				CLANG_WARN_ENUM_CONVERSION = YES;
				CLANG_WARN_INFINITE_RECURSION = YES;
				CLANG_WARN_INT_CONVERSION = YES;
				CLANG_WARN_NON_LITERAL_NULL_CONVERSION = YES;
				CLANG_WARN_OBJC_IMPLICIT_RETAIN_SELF = YES;
				CLANG_WARN_OBJC_LITERAL_CONVERSION = YES;
				CLANG_WARN_OBJC_ROOT_CLASS = YES_ERROR;
				CLANG_WARN_RANGE_LOOP_ANALYSIS = YES;
				CLANG_WARN_STRICT_PROTOTYPES = YES;
				CLANG_WARN_SUSPICIOUS_MOVE = YES;
				CLANG_WARN_UNGUARDED_AVAILABILITY = YES_AGGRESSIVE;
				CLANG_WARN_UNREACHABLE_CODE = YES;
				CLANG_WARN__DUPLICATE_METHOD_MATCH = YES;
				COPY_PHASE_STRIP = NO;
				CURRENT_PROJECT_VERSION = 1;
				DEBUG_INFORMATION_FORMAT = dwarf;
				ENABLE_STRICT_OBJC_MSGSEND = YES;
				ENABLE_TESTABILITY = YES;
				GCC_C_LANGUAGE_STANDARD = gnu11;
				GCC_DYNAMIC_NO_PIC = NO;
				GCC_NO_COMMON_BLOCKS = YES;
				GCC_OPTIMIZATION_LEVEL = 0;
				GCC_PREPROCESSOR_DEFINITIONS = (
					"DEBUG=1",
					"$(inherited)",
				);
				GCC_WARN_64_TO_32_BIT_CONVERSION = YES;
				GCC_WARN_ABOUT_RETURN_TYPE = YES_ERROR;
				GCC_WARN_UNDECLARED_SELECTOR = YES;
				GCC_WARN_UNINITIALIZED_AUTOS = YES_AGGRESSIVE;
				GCC_WARN_UNUSED_FUNCTION = YES;
				GCC_WARN_UNUSED_VARIABLE = YES;
				IPHONEOS_DEPLOYMENT_TARGET = 13.5;
				MTL_ENABLE_DEBUG_INFO = INCLUDE_SOURCE;
				MTL_FAST_MATH = YES;
				ONLY_ACTIVE_ARCH = YES;
				SDKROOT = iphoneos;
				SWIFT_ACTIVE_COMPILATION_CONDITIONS = DEBUG;
				SWIFT_OPTIMIZATION_LEVEL = "-Onone";
				VERSIONING_SYSTEM = "apple-generic";
				VERSION_INFO_PREFIX = "";
			};
			name = Debug;
		};
		F70E39202482E7B9000B9F29 /* Release */ = {
			isa = XCBuildConfiguration;
			buildSettings = {
				ALWAYS_SEARCH_USER_PATHS = NO;
				CLANG_ANALYZER_NONNULL = YES;
				CLANG_ANALYZER_NUMBER_OBJECT_CONVERSION = YES_AGGRESSIVE;
				CLANG_CXX_LANGUAGE_STANDARD = "gnu++14";
				CLANG_CXX_LIBRARY = "libc++";
				CLANG_ENABLE_MODULES = YES;
				CLANG_ENABLE_OBJC_ARC = YES;
				CLANG_ENABLE_OBJC_WEAK = YES;
				CLANG_WARN_BLOCK_CAPTURE_AUTORELEASING = YES;
				CLANG_WARN_BOOL_CONVERSION = YES;
				CLANG_WARN_COMMA = YES;
				CLANG_WARN_CONSTANT_CONVERSION = YES;
				CLANG_WARN_DEPRECATED_OBJC_IMPLEMENTATIONS = YES;
				CLANG_WARN_DIRECT_OBJC_ISA_USAGE = YES_ERROR;
				CLANG_WARN_DOCUMENTATION_COMMENTS = YES;
				CLANG_WARN_EMPTY_BODY = YES;
				CLANG_WARN_ENUM_CONVERSION = YES;
				CLANG_WARN_INFINITE_RECURSION = YES;
				CLANG_WARN_INT_CONVERSION = YES;
				CLANG_WARN_NON_LITERAL_NULL_CONVERSION = YES;
				CLANG_WARN_OBJC_IMPLICIT_RETAIN_SELF = YES;
				CLANG_WARN_OBJC_LITERAL_CONVERSION = YES;
				CLANG_WARN_OBJC_ROOT_CLASS = YES_ERROR;
				CLANG_WARN_RANGE_LOOP_ANALYSIS = YES;
				CLANG_WARN_STRICT_PROTOTYPES = YES;
				CLANG_WARN_SUSPICIOUS_MOVE = YES;
				CLANG_WARN_UNGUARDED_AVAILABILITY = YES_AGGRESSIVE;
				CLANG_WARN_UNREACHABLE_CODE = YES;
				CLANG_WARN__DUPLICATE_METHOD_MATCH = YES;
				COPY_PHASE_STRIP = NO;
				CURRENT_PROJECT_VERSION = 1;
				DEBUG_INFORMATION_FORMAT = "dwarf-with-dsym";
				ENABLE_NS_ASSERTIONS = NO;
				ENABLE_STRICT_OBJC_MSGSEND = YES;
				GCC_C_LANGUAGE_STANDARD = gnu11;
				GCC_NO_COMMON_BLOCKS = YES;
				GCC_WARN_64_TO_32_BIT_CONVERSION = YES;
				GCC_WARN_ABOUT_RETURN_TYPE = YES_ERROR;
				GCC_WARN_UNDECLARED_SELECTOR = YES;
				GCC_WARN_UNINITIALIZED_AUTOS = YES_AGGRESSIVE;
				GCC_WARN_UNUSED_FUNCTION = YES;
				GCC_WARN_UNUSED_VARIABLE = YES;
				IPHONEOS_DEPLOYMENT_TARGET = 13.5;
				MTL_ENABLE_DEBUG_INFO = NO;
				MTL_FAST_MATH = YES;
				SDKROOT = iphoneos;
				SWIFT_COMPILATION_MODE = wholemodule;
				SWIFT_OPTIMIZATION_LEVEL = "-O";
				VALIDATE_PRODUCT = YES;
				VERSIONING_SYSTEM = "apple-generic";
				VERSION_INFO_PREFIX = "";
			};
			name = Release;
		};
		F70E39222482E7B9000B9F29 /* Debug */ = {
			isa = XCBuildConfiguration;
			buildSettings = {
				CLANG_ENABLE_MODULES = YES;
				CODE_SIGN_STYLE = Automatic;
				DEFINES_MODULE = YES;
				DEVELOPMENT_TEAM = 7CK9FQY54K;
				DYLIB_COMPATIBILITY_VERSION = 1;
				DYLIB_CURRENT_VERSION = 1;
				DYLIB_INSTALL_NAME_BASE = "@rpath";
				INFOPLIST_FILE = ZenApplication/SupportingFiles/Info.plist;
				INSTALL_PATH = "$(LOCAL_LIBRARY_DIR)/Frameworks";
				IPHONEOS_DEPLOYMENT_TARGET = 9.0;
				LD_RUNPATH_SEARCH_PATHS = (
					"$(inherited)",
					"@executable_path/Frameworks",
					"@loader_path/Frameworks",
				);
				PRODUCT_BUNDLE_IDENTIFIER = "ZenApplication-iOS";
				PRODUCT_NAME = ZenApplication_iOS;
				SKIP_INSTALL = YES;
				SWIFT_OPTIMIZATION_LEVEL = "-Onone";
				SWIFT_VERSION = 5.0;
				TARGETED_DEVICE_FAMILY = "1,2";
			};
			name = Debug;
		};
		F70E39232482E7B9000B9F29 /* Release */ = {
			isa = XCBuildConfiguration;
			buildSettings = {
				CLANG_ENABLE_MODULES = YES;
				CODE_SIGN_STYLE = Automatic;
				DEFINES_MODULE = YES;
				DEVELOPMENT_TEAM = 7CK9FQY54K;
				DYLIB_COMPATIBILITY_VERSION = 1;
				DYLIB_CURRENT_VERSION = 1;
				DYLIB_INSTALL_NAME_BASE = "@rpath";
				INFOPLIST_FILE = ZenApplication/SupportingFiles/Info.plist;
				INSTALL_PATH = "$(LOCAL_LIBRARY_DIR)/Frameworks";
				IPHONEOS_DEPLOYMENT_TARGET = 9.0;
				LD_RUNPATH_SEARCH_PATHS = (
					"$(inherited)",
					"@executable_path/Frameworks",
					"@loader_path/Frameworks",
				);
				PRODUCT_BUNDLE_IDENTIFIER = "ZenApplication-iOS";
				PRODUCT_NAME = ZenApplication_iOS;
				SKIP_INSTALL = YES;
				SWIFT_VERSION = 5.0;
				TARGETED_DEVICE_FAMILY = "1,2";
			};
			name = Release;
		};
		F70E393F2482ED78000B9F29 /* Debug */ = {
			isa = XCBuildConfiguration;
			buildSettings = {
				APPLICATION_EXTENSION_API_ONLY = YES;
				CODE_SIGN_STYLE = Automatic;
				DEFINES_MODULE = YES;
				DEVELOPMENT_TEAM = 7CK9FQY54K;
				DYLIB_COMPATIBILITY_VERSION = 1;
				DYLIB_CURRENT_VERSION = 1;
				DYLIB_INSTALL_NAME_BASE = "@rpath";
				INFOPLIST_FILE = ZenApplication/SupportingFiles/Info.plist;
				INSTALL_PATH = "$(LOCAL_LIBRARY_DIR)/Frameworks";
				LD_RUNPATH_SEARCH_PATHS = (
					"$(inherited)",
					"@executable_path/Frameworks",
					"@loader_path/Frameworks",
				);
				PRODUCT_BUNDLE_IDENTIFIER = "ZenApplication-watchOS";
				PRODUCT_NAME = "$(TARGET_NAME:c99extidentifier)";
				SDKROOT = watchos;
				SKIP_INSTALL = YES;
				SWIFT_VERSION = 5.0;
				TARGETED_DEVICE_FAMILY = 4;
				WATCHOS_DEPLOYMENT_TARGET = 2.0;
			};
			name = Debug;
		};
		F70E39402482ED78000B9F29 /* Release */ = {
			isa = XCBuildConfiguration;
			buildSettings = {
				APPLICATION_EXTENSION_API_ONLY = YES;
				CODE_SIGN_STYLE = Automatic;
				DEFINES_MODULE = YES;
				DEVELOPMENT_TEAM = 7CK9FQY54K;
				DYLIB_COMPATIBILITY_VERSION = 1;
				DYLIB_CURRENT_VERSION = 1;
				DYLIB_INSTALL_NAME_BASE = "@rpath";
				INFOPLIST_FILE = ZenApplication/SupportingFiles/Info.plist;
				INSTALL_PATH = "$(LOCAL_LIBRARY_DIR)/Frameworks";
				LD_RUNPATH_SEARCH_PATHS = (
					"$(inherited)",
					"@executable_path/Frameworks",
					"@loader_path/Frameworks",
				);
				PRODUCT_BUNDLE_IDENTIFIER = "ZenApplication-watchOS";
				PRODUCT_NAME = "$(TARGET_NAME:c99extidentifier)";
				SDKROOT = watchos;
				SKIP_INSTALL = YES;
				SWIFT_VERSION = 5.0;
				TARGETED_DEVICE_FAMILY = 4;
				WATCHOS_DEPLOYMENT_TARGET = 2.0;
			};
			name = Release;
		};
		F70E394C2482EDEF000B9F29 /* Debug */ = {
			isa = XCBuildConfiguration;
			buildSettings = {
				CODE_SIGN_STYLE = Automatic;
				DEFINES_MODULE = YES;
				DEVELOPMENT_TEAM = 7CK9FQY54K;
				DYLIB_COMPATIBILITY_VERSION = 1;
				DYLIB_CURRENT_VERSION = 1;
				DYLIB_INSTALL_NAME_BASE = "@rpath";
				INFOPLIST_FILE = ZenApplication/SupportingFiles/Info.plist;
				INSTALL_PATH = "$(LOCAL_LIBRARY_DIR)/Frameworks";
				LD_RUNPATH_SEARCH_PATHS = (
					"$(inherited)",
					"@executable_path/Frameworks",
					"@loader_path/Frameworks",
				);
				PRODUCT_BUNDLE_IDENTIFIER = "ZenApplication-tvOS";
				PRODUCT_NAME = "$(TARGET_NAME:c99extidentifier)";
				SDKROOT = appletvos;
				SKIP_INSTALL = YES;
				SWIFT_VERSION = 5.0;
				TARGETED_DEVICE_FAMILY = 3;
				TVOS_DEPLOYMENT_TARGET = 9.0;
			};
			name = Debug;
		};
		F70E394D2482EDEF000B9F29 /* Release */ = {
			isa = XCBuildConfiguration;
			buildSettings = {
				CODE_SIGN_STYLE = Automatic;
				DEFINES_MODULE = YES;
				DEVELOPMENT_TEAM = 7CK9FQY54K;
				DYLIB_COMPATIBILITY_VERSION = 1;
				DYLIB_CURRENT_VERSION = 1;
				DYLIB_INSTALL_NAME_BASE = "@rpath";
				INFOPLIST_FILE = ZenApplication/SupportingFiles/Info.plist;
				INSTALL_PATH = "$(LOCAL_LIBRARY_DIR)/Frameworks";
				LD_RUNPATH_SEARCH_PATHS = (
					"$(inherited)",
					"@executable_path/Frameworks",
					"@loader_path/Frameworks",
				);
				PRODUCT_BUNDLE_IDENTIFIER = "ZenApplication-tvOS";
				PRODUCT_NAME = "$(TARGET_NAME:c99extidentifier)";
				SDKROOT = appletvos;
				SKIP_INSTALL = YES;
				SWIFT_VERSION = 5.0;
				TARGETED_DEVICE_FAMILY = 3;
				TVOS_DEPLOYMENT_TARGET = 9.0;
			};
			name = Release;
		};
/* End XCBuildConfiguration section */

/* Begin XCConfigurationList section */
		F70E39132482E7B9000B9F29 /* Build configuration list for PBXProject "ZenApplication" */ = {
			isa = XCConfigurationList;
			buildConfigurations = (
				F70E391F2482E7B9000B9F29 /* Debug */,
				F70E39202482E7B9000B9F29 /* Release */,
			);
			defaultConfigurationIsVisible = 0;
			defaultConfigurationName = Release;
		};
		F70E39212482E7B9000B9F29 /* Build configuration list for PBXNativeTarget "ZenApplication-iOS" */ = {
			isa = XCConfigurationList;
			buildConfigurations = (
				F70E39222482E7B9000B9F29 /* Debug */,
				F70E39232482E7B9000B9F29 /* Release */,
			);
			defaultConfigurationIsVisible = 0;
			defaultConfigurationName = Release;
		};
		F70E393E2482ED78000B9F29 /* Build configuration list for PBXNativeTarget "ZenApplication-watchOS" */ = {
			isa = XCConfigurationList;
			buildConfigurations = (
				F70E393F2482ED78000B9F29 /* Debug */,
				F70E39402482ED78000B9F29 /* Release */,
			);
			defaultConfigurationIsVisible = 0;
			defaultConfigurationName = Release;
		};
		F70E394B2482EDEF000B9F29 /* Build configuration list for PBXNativeTarget "ZenApplication-tvOS" */ = {
			isa = XCConfigurationList;
			buildConfigurations = (
				F70E394C2482EDEF000B9F29 /* Debug */,
				F70E394D2482EDEF000B9F29 /* Release */,
			);
			defaultConfigurationIsVisible = 0;
			defaultConfigurationName = Release;
		};
/* End XCConfigurationList section */
	};
	rootObject = F70E39102482E7B9000B9F29 /* Project object */;
}
