{
  "pins" : [
    {
      "identity" : "zenswift",
      "kind" : "remoteSourceControl",
      "location" : "https://github.com/roland19deschain/ZenSwift.git",
      "state" : {
        "revision" : "f44f7074bb12b4bc0b1728b0077ff69de5e2a29c",
        "version" : "2.1.14"
      }
    }
  ],
  "version" : 2
}
