{
  "pins" : [
    {
      "identity" : "zenswift",
      "kind" : "remoteSourceControl",
      "location" : "https://github.com/roland19deschain/ZenSwift.git",
      "state" : {
        "revision" : "9a69792faa9ec06ae3675bebba406a2de9d20a50",
        "version" : "2.1.11"
      }
    }
  ],
  "version" : 2
}
